
Microsoft Visual Studio Solution File, Format Version 12.00
# Visual Studio Version 17
VisualStudioVersion = 17.10.34928.147
MinimumVisualStudioVersion = 10.0.40219.1
Project("{FAE04EC0-301F-11D3-BF4B-00C04F79EFBC}") = "TMS_9_PracticeOOP", "TMS_9_PracticeOOP.csproj", "{2D3EE109-C8F9-47CE-A6CA-785DC6C9D351}"
EndProject
Global
	GlobalSection(SolutionConfigurationPlatforms) = preSolution
		Debug|Any CPU = Debug|Any CPU
		Release|Any CPU = Release|Any CPU
	EndGlobalSection
	GlobalSection(ProjectConfigurationPlatforms) = postSolution
		{2D3EE109-C8F9-47CE-A6CA-785DC6C9D351}.Debug|Any CPU.ActiveCfg = Debug|Any CPU
		{2D3EE109-C8F9-47CE-A6CA-785DC6C9D351}.Debug|Any CPU.Build.0 = Debug|Any CPU
		{2D3EE109-C8F9-47CE-A6CA-785DC6C9D351}.Release|Any CPU.ActiveCfg = Release|Any CPU
		{2D3EE109-C8F9-47CE-A6CA-785DC6C9D351}.Release|Any CPU.Build.0 = Release|Any CPU
	EndGlobalSection
	GlobalSection(SolutionProperties) = preSolution
		HideSolutionNode = FALSE
	EndGlobalSection
	GlobalSection(ExtensibilityGlobals) = postSolution
		SolutionGuid = {92E4C70E-14A7-4F2F-A1E0-E45C1F6BF22B}
	EndGlobalSection
EndGlobal
